
Microsoft Visual Studio Solution File, Format Version 12.00
# Visual Studio 14
VisualStudioVersion = 14.0.23107.0
MinimumVisualStudioVersion = 10.0.40219.1
Project("{2150E333-8FDC-42A3-9474-1A3956D46DE8}") = "PatternsAndPracticies", "PatternsAndPracticies", "{B4592533-647D-48FB-927E-BAAC242B7DB4}"
EndProject
Project("{FAE04EC0-301F-11D3-BF4B-00C04F79EFBC}") = "Pt01AbstractFactory", "Pt01AbstractFactory\Pt01AbstractFactory.csproj", "{EDDF76CE-B7C7-46A6-95E9-E5D9270C42CF}"
EndProject
Project("{FAE04EC0-301F-11D3-BF4B-00C04F79EFBC}") = "Pt02Builder", "Pt02Builder\Pt02Builder.csproj", "{B20A82CD-2EF3-4304-BACD-BB905B2D2BB3}"
EndProject
Project("{FAE04EC0-301F-11D3-BF4B-00C04F79EFBC}") = "Pt03FactoryMethod", "Pt03FactoryMethod\Pt03FactoryMethod.csproj", "{F16625E8-2FB7-475C-890F-1FEEE7ADC5C0}"
EndProject
Project("{FAE04EC0-301F-11D3-BF4B-00C04F79EFBC}") = "Pt04Prototype", "Pt04Prototype\Pt04Prototype.csproj", "{176DD9C5-5DBC-4D64-8FE4-4AF8A716E01B}"
EndProject
Project("{FAE04EC0-301F-11D3-BF4B-00C04F79EFBC}") = "Pt05Singlton", "Pt05Singlton\Pt05Singlton.csproj", "{CCBB8224-5BE3-4600-BEE0-6819C4986A24}"
EndProject
Project("{FAE04EC0-301F-11D3-BF4B-00C04F79EFBC}") = "Pt06Adapter", "Pt06Adapter\Pt06Adapter.csproj", "{E31E57B0-8C9D-42EB-BFDB-27EC0045AEC6}"
EndProject
Project("{FAE04EC0-301F-11D3-BF4B-00C04F79EFBC}") = "Pt07Bridge", "Pt07Bridge\Pt07Bridge.csproj", "{9D9C51D1-20A3-41C5-A6B3-368F68F942CF}"
EndProject
Project("{FAE04EC0-301F-11D3-BF4B-00C04F79EFBC}") = "Pt08Composite", "Pt08Composite\Pt08Composite.csproj", "{2EE7F1FA-10D2-4A06-AAAE-81C30851F15C}"
EndProject
Project("{FAE04EC0-301F-11D3-BF4B-00C04F79EFBC}") = "Pt09Decorator", "Pt09Decorator\Pt09Decorator.csproj", "{FCF8E91E-BDB9-4893-A6DC-9C3E3D486426}"
EndProject
Project("{FAE04EC0-301F-11D3-BF4B-00C04F79EFBC}") = "Pt10Facade", "Pt10Facade\Pt10Facade.csproj", "{E4848A95-46A3-43A2-9E22-B4C87F6EF1DB}"
EndProject
Project("{FAE04EC0-301F-11D3-BF4B-00C04F79EFBC}") = "Pt11Flyweight", "Pt11Flyweight\Pt11Flyweight.csproj", "{AF6CF960-8F0E-4E01-9DAF-A9B485BC3D08}"
EndProject
Project("{FAE04EC0-301F-11D3-BF4B-00C04F79EFBC}") = "Pt12Proxy", "Pt12Proxy\Pt12Proxy.csproj", "{E3A25657-62CA-4738-9CBB-F4714782AB13}"
EndProject
Project("{FAE04EC0-301F-11D3-BF4B-00C04F79EFBC}") = "Pt13ChainOfResponsibility", "Pt12ChainOfResponsibility\Pt13ChainOfResponsibility.csproj", "{23752010-EDB6-4B0D-8D35-ABDF3E47BEF2}"
EndProject
Project("{FAE04EC0-301F-11D3-BF4B-00C04F79EFBC}") = "Pt14Command", "Pt14Command\Pt14Command.csproj", "{B0C65FB0-64A7-4DD0-BD18-8140FBAE0995}"
EndProject
Global
	GlobalSection(SolutionConfigurationPlatforms) = preSolution
		Debug|Any CPU = Debug|Any CPU
		Release|Any CPU = Release|Any CPU
	EndGlobalSection
	GlobalSection(ProjectConfigurationPlatforms) = postSolution
		{EDDF76CE-B7C7-46A6-95E9-E5D9270C42CF}.Debug|Any CPU.ActiveCfg = Debug|Any CPU
		{EDDF76CE-B7C7-46A6-95E9-E5D9270C42CF}.Debug|Any CPU.Build.0 = Debug|Any CPU
		{EDDF76CE-B7C7-46A6-95E9-E5D9270C42CF}.Release|Any CPU.ActiveCfg = Release|Any CPU
		{EDDF76CE-B7C7-46A6-95E9-E5D9270C42CF}.Release|Any CPU.Build.0 = Release|Any CPU
		{B20A82CD-2EF3-4304-BACD-BB905B2D2BB3}.Debug|Any CPU.ActiveCfg = Debug|Any CPU
		{B20A82CD-2EF3-4304-BACD-BB905B2D2BB3}.Debug|Any CPU.Build.0 = Debug|Any CPU
		{B20A82CD-2EF3-4304-BACD-BB905B2D2BB3}.Release|Any CPU.ActiveCfg = Release|Any CPU
		{B20A82CD-2EF3-4304-BACD-BB905B2D2BB3}.Release|Any CPU.Build.0 = Release|Any CPU
		{F16625E8-2FB7-475C-890F-1FEEE7ADC5C0}.Debug|Any CPU.ActiveCfg = Debug|Any CPU
		{F16625E8-2FB7-475C-890F-1FEEE7ADC5C0}.Debug|Any CPU.Build.0 = Debug|Any CPU
		{F16625E8-2FB7-475C-890F-1FEEE7ADC5C0}.Release|Any CPU.ActiveCfg = Release|Any CPU
		{F16625E8-2FB7-475C-890F-1FEEE7ADC5C0}.Release|Any CPU.Build.0 = Release|Any CPU
		{176DD9C5-5DBC-4D64-8FE4-4AF8A716E01B}.Debug|Any CPU.ActiveCfg = Debug|Any CPU
		{176DD9C5-5DBC-4D64-8FE4-4AF8A716E01B}.Debug|Any CPU.Build.0 = Debug|Any CPU
		{176DD9C5-5DBC-4D64-8FE4-4AF8A716E01B}.Release|Any CPU.ActiveCfg = Release|Any CPU
		{176DD9C5-5DBC-4D64-8FE4-4AF8A716E01B}.Release|Any CPU.Build.0 = Release|Any CPU
		{CCBB8224-5BE3-4600-BEE0-6819C4986A24}.Debug|Any CPU.ActiveCfg = Debug|Any CPU
		{CCBB8224-5BE3-4600-BEE0-6819C4986A24}.Debug|Any CPU.Build.0 = Debug|Any CPU
		{CCBB8224-5BE3-4600-BEE0-6819C4986A24}.Release|Any CPU.ActiveCfg = Release|Any CPU
		{CCBB8224-5BE3-4600-BEE0-6819C4986A24}.Release|Any CPU.Build.0 = Release|Any CPU
		{E31E57B0-8C9D-42EB-BFDB-27EC0045AEC6}.Debug|Any CPU.ActiveCfg = Debug|Any CPU
		{E31E57B0-8C9D-42EB-BFDB-27EC0045AEC6}.Debug|Any CPU.Build.0 = Debug|Any CPU
		{E31E57B0-8C9D-42EB-BFDB-27EC0045AEC6}.Release|Any CPU.ActiveCfg = Release|Any CPU
		{E31E57B0-8C9D-42EB-BFDB-27EC0045AEC6}.Release|Any CPU.Build.0 = Release|Any CPU
		{9D9C51D1-20A3-41C5-A6B3-368F68F942CF}.Debug|Any CPU.ActiveCfg = Debug|Any CPU
		{9D9C51D1-20A3-41C5-A6B3-368F68F942CF}.Debug|Any CPU.Build.0 = Debug|Any CPU
		{9D9C51D1-20A3-41C5-A6B3-368F68F942CF}.Release|Any CPU.ActiveCfg = Release|Any CPU
		{9D9C51D1-20A3-41C5-A6B3-368F68F942CF}.Release|Any CPU.Build.0 = Release|Any CPU
		{2EE7F1FA-10D2-4A06-AAAE-81C30851F15C}.Debug|Any CPU.ActiveCfg = Debug|Any CPU
		{2EE7F1FA-10D2-4A06-AAAE-81C30851F15C}.Debug|Any CPU.Build.0 = Debug|Any CPU
		{2EE7F1FA-10D2-4A06-AAAE-81C30851F15C}.Release|Any CPU.ActiveCfg = Release|Any CPU
		{2EE7F1FA-10D2-4A06-AAAE-81C30851F15C}.Release|Any CPU.Build.0 = Release|Any CPU
		{FCF8E91E-BDB9-4893-A6DC-9C3E3D486426}.Debug|Any CPU.ActiveCfg = Debug|Any CPU
		{FCF8E91E-BDB9-4893-A6DC-9C3E3D486426}.Debug|Any CPU.Build.0 = Debug|Any CPU
		{FCF8E91E-BDB9-4893-A6DC-9C3E3D486426}.Release|Any CPU.ActiveCfg = Release|Any CPU
		{FCF8E91E-BDB9-4893-A6DC-9C3E3D486426}.Release|Any CPU.Build.0 = Release|Any CPU
		{E4848A95-46A3-43A2-9E22-B4C87F6EF1DB}.Debug|Any CPU.ActiveCfg = Debug|Any CPU
		{E4848A95-46A3-43A2-9E22-B4C87F6EF1DB}.Debug|Any CPU.Build.0 = Debug|Any CPU
		{E4848A95-46A3-43A2-9E22-B4C87F6EF1DB}.Release|Any CPU.ActiveCfg = Release|Any CPU
		{E4848A95-46A3-43A2-9E22-B4C87F6EF1DB}.Release|Any CPU.Build.0 = Release|Any CPU
		{AF6CF960-8F0E-4E01-9DAF-A9B485BC3D08}.Debug|Any CPU.ActiveCfg = Debug|Any CPU
		{AF6CF960-8F0E-4E01-9DAF-A9B485BC3D08}.Debug|Any CPU.Build.0 = Debug|Any CPU
		{AF6CF960-8F0E-4E01-9DAF-A9B485BC3D08}.Release|Any CPU.ActiveCfg = Release|Any CPU
		{AF6CF960-8F0E-4E01-9DAF-A9B485BC3D08}.Release|Any CPU.Build.0 = Release|Any CPU
		{E3A25657-62CA-4738-9CBB-F4714782AB13}.Debug|Any CPU.ActiveCfg = Debug|Any CPU
		{E3A25657-62CA-4738-9CBB-F4714782AB13}.Debug|Any CPU.Build.0 = Debug|Any CPU
		{E3A25657-62CA-4738-9CBB-F4714782AB13}.Release|Any CPU.ActiveCfg = Release|Any CPU
		{E3A25657-62CA-4738-9CBB-F4714782AB13}.Release|Any CPU.Build.0 = Release|Any CPU
		{23752010-EDB6-4B0D-8D35-ABDF3E47BEF2}.Debug|Any CPU.ActiveCfg = Debug|Any CPU
		{23752010-EDB6-4B0D-8D35-ABDF3E47BEF2}.Debug|Any CPU.Build.0 = Debug|Any CPU
		{23752010-EDB6-4B0D-8D35-ABDF3E47BEF2}.Release|Any CPU.ActiveCfg = Release|Any CPU
		{23752010-EDB6-4B0D-8D35-ABDF3E47BEF2}.Release|Any CPU.Build.0 = Release|Any CPU
		{B0C65FB0-64A7-4DD0-BD18-8140FBAE0995}.Debug|Any CPU.ActiveCfg = Debug|Any CPU
		{B0C65FB0-64A7-4DD0-BD18-8140FBAE0995}.Debug|Any CPU.Build.0 = Debug|Any CPU
		{B0C65FB0-64A7-4DD0-BD18-8140FBAE0995}.Release|Any CPU.ActiveCfg = Release|Any CPU
		{B0C65FB0-64A7-4DD0-BD18-8140FBAE0995}.Release|Any CPU.Build.0 = Release|Any CPU
	EndGlobalSection
	GlobalSection(SolutionProperties) = preSolution
		HideSolutionNode = FALSE
	EndGlobalSection
	GlobalSection(NestedProjects) = preSolution
		{EDDF76CE-B7C7-46A6-95E9-E5D9270C42CF} = {B4592533-647D-48FB-927E-BAAC242B7DB4}
		{B20A82CD-2EF3-4304-BACD-BB905B2D2BB3} = {B4592533-647D-48FB-927E-BAAC242B7DB4}
		{F16625E8-2FB7-475C-890F-1FEEE7ADC5C0} = {B4592533-647D-48FB-927E-BAAC242B7DB4}
		{176DD9C5-5DBC-4D64-8FE4-4AF8A716E01B} = {B4592533-647D-48FB-927E-BAAC242B7DB4}
		{CCBB8224-5BE3-4600-BEE0-6819C4986A24} = {B4592533-647D-48FB-927E-BAAC242B7DB4}
		{E31E57B0-8C9D-42EB-BFDB-27EC0045AEC6} = {B4592533-647D-48FB-927E-BAAC242B7DB4}
		{9D9C51D1-20A3-41C5-A6B3-368F68F942CF} = {B4592533-647D-48FB-927E-BAAC242B7DB4}
		{2EE7F1FA-10D2-4A06-AAAE-81C30851F15C} = {B4592533-647D-48FB-927E-BAAC242B7DB4}
		{FCF8E91E-BDB9-4893-A6DC-9C3E3D486426} = {B4592533-647D-48FB-927E-BAAC242B7DB4}
		{E4848A95-46A3-43A2-9E22-B4C87F6EF1DB} = {B4592533-647D-48FB-927E-BAAC242B7DB4}
		{AF6CF960-8F0E-4E01-9DAF-A9B485BC3D08} = {B4592533-647D-48FB-927E-BAAC242B7DB4}
		{E3A25657-62CA-4738-9CBB-F4714782AB13} = {B4592533-647D-48FB-927E-BAAC242B7DB4}
		{23752010-EDB6-4B0D-8D35-ABDF3E47BEF2} = {B4592533-647D-48FB-927E-BAAC242B7DB4}
		{B0C65FB0-64A7-4DD0-BD18-8140FBAE0995} = {B4592533-647D-48FB-927E-BAAC242B7DB4}
	EndGlobalSection
EndGlobal
